
Microsoft Visual Studio Solution File, Format Version 12.00
# Visual Studio Version 16
VisualStudioVersion = 16.0.809.8
MinimumVisualStudioVersion = 10.0.40219.1
Project("{FAE04EC0-301F-11D3-BF4B-00C04F79EFBC}") = "firebaseblazortest", "firebaseblazortest.csproj", "{DD5B9FF4-BC9F-4B3A-BAD6-42906544223F}"
EndProject
Global
	GlobalSection(SolutionConfigurationPlatforms) = preSolution
		Debug|Any CPU = Debug|Any CPU
		Release|Any CPU = Release|Any CPU
	EndGlobalSection
	GlobalSection(ProjectConfigurationPlatforms) = postSolution
		{DD5B9FF4-BC9F-4B3A-BAD6-42906544223F}.Debug|Any CPU.ActiveCfg = Debug|Any CPU
		{DD5B9FF4-BC9F-4B3A-BAD6-42906544223F}.Debug|Any CPU.Build.0 = Debug|Any CPU
		{DD5B9FF4-BC9F-4B3A-BAD6-42906544223F}.Release|Any CPU.ActiveCfg = Release|Any CPU
		{DD5B9FF4-BC9F-4B3A-BAD6-42906544223F}.Release|Any CPU.Build.0 = Release|Any CPU
	EndGlobalSection
	GlobalSection(SolutionProperties) = preSolution
		HideSolutionNode = FALSE
	EndGlobalSection
	GlobalSection(ExtensibilityGlobals) = postSolution
		SolutionGuid = {CE0CDD15-1763-4261-8B3E-462F452755B6}
	EndGlobalSection
EndGlobal
